
Microsoft Visual Studio Solution File, Format Version 12.00
# Visual Studio Version 16
VisualStudioVersion = 16.0.31613.86
MinimumVisualStudioVersion = 10.0.40219.1
Project("{2150E333-8FDC-42A3-9474-1A3956D46DE8}") = "Services", "Services", "{5318B18B-0E2D-4C0F-929D-FC0286FFCE05}"
EndProject
Project("{2150E333-8FDC-42A3-9474-1A3956D46DE8}") = "Catalog", "Catalog", "{1364E97C-FBA5-43F3-8076-E5D291924B2D}"
EndProject
Project("{9A19103F-16F7-4668-BE54-9A1E7A4F7556}") = "Catalog.API", "Services\Catalog\Catalog.API\Catalog.API.csproj", "{23C852D3-A7A1-41C6-BCEC-C5D0BABEE917}"
EndProject
Project("{E53339B2-1760-4266-BCC7-CA923CBCF16C}") = "docker-compose", "docker-compose.dcproj", "{AF9926DB-249A-48DD-AC39-D170B67F48CA}"
EndProject
Project("{2150E333-8FDC-42A3-9474-1A3956D46DE8}") = "Basket", "Basket", "{D1376062-AE35-4BAC-AE9C-FA2590897324}"
EndProject
Project("{9A19103F-16F7-4668-BE54-9A1E7A4F7556}") = "Basket.API", "Services\Basket\Basket.API\Basket.API.csproj", "{6C51C057-5A0F-402C-8A8C-709E5863E680}"
EndProject
Project("{2150E333-8FDC-42A3-9474-1A3956D46DE8}") = "Discount", "Discount", "{1E33D345-877D-495F-B1C0-762D5DA25965}"
EndProject
Project("{9A19103F-16F7-4668-BE54-9A1E7A4F7556}") = "Discount.API", "Services\Discount\Discount.API\Discount.API.csproj", "{CCAF48C2-03C8-4DA7-AD22-F2A641288F73}"
EndProject
Project("{9A19103F-16F7-4668-BE54-9A1E7A4F7556}") = "Discount.Grpc", "Services\Discount\Discount.Grpc\Discount.Grpc.csproj", "{01510F30-6D11-44E7-ABDF-A48F72858357}"
EndProject
Project("{2150E333-8FDC-42A3-9474-1A3956D46DE8}") = "Ordering", "Ordering", "{74D31C21-85BE-45AA-8792-9E4C3E2545FD}"
EndProject
Project("{9A19103F-16F7-4668-BE54-9A1E7A4F7556}") = "Ordering.API", "Services\Ordering\Ordering.API\Ordering.API.csproj", "{EC729274-1661-412B-8D8B-07225E503EB1}"
EndProject
Project("{9A19103F-16F7-4668-BE54-9A1E7A4F7556}") = "Ordering.Domain", "Services\Ordering\Ordering.Domain\Ordering.Domain.csproj", "{A018F81D-8C92-4D36-BBCA-171CE40518B4}"
EndProject
Project("{9A19103F-16F7-4668-BE54-9A1E7A4F7556}") = "Ordering.Application", "Services\Ordering\Ordering.Application\Ordering.Application.csproj", "{9D9C0BE6-4DC1-42B8-A6F5-0A9E67C0DC43}"
EndProject
Project("{9A19103F-16F7-4668-BE54-9A1E7A4F7556}") = "Ordering.Infrastructure", "Services\Ordering\Ordering.Infrastructure\Ordering.Infrastructure.csproj", "{4F5BCA5C-D64A-44D1-A264-C14033B732A2}"
EndProject
Project("{2150E333-8FDC-42A3-9474-1A3956D46DE8}") = "BuildingBlocks", "BuildingBlocks", "{85A87F6E-BF96-44C1-B2A0-DE9D1D37B5B5}"
EndProject
Project("{9A19103F-16F7-4668-BE54-9A1E7A4F7556}") = "EventBus.Messages", "BuildingBlocks\EventBus.Messages\EventBus.Messages.csproj", "{139B8E02-4719-45EB-B0A4-E4E272650680}"
EndProject
Project("{2150E333-8FDC-42A3-9474-1A3956D46DE8}") = "ApiGateways", "ApiGateways", "{7247C31B-4C39-42F6-90B3-424CF16E9939}"
EndProject
Project("{9A19103F-16F7-4668-BE54-9A1E7A4F7556}") = "OcelotApiGw", "ApiGateways\OcelotApiGw\OcelotApiGw.csproj", "{458DD7EA-BFBC-4EE3-9C00-E737CE47D59A}"
EndProject
Project("{FAE04EC0-301F-11D3-BF4B-00C04F79EFBC}") = "Shopping.Aggregator", "ApiGateways\Shopping.Aggregator\Shopping.Aggregator.csproj", "{7C9F4944-09FD-49DF-A98A-15380E3F8E0F}"
EndProject
Global
	GlobalSection(SolutionConfigurationPlatforms) = preSolution
		Debug|Any CPU = Debug|Any CPU
		Release|Any CPU = Release|Any CPU
	EndGlobalSection
	GlobalSection(ProjectConfigurationPlatforms) = postSolution
		{23C852D3-A7A1-41C6-BCEC-C5D0BABEE917}.Debug|Any CPU.ActiveCfg = Debug|Any CPU
		{23C852D3-A7A1-41C6-BCEC-C5D0BABEE917}.Debug|Any CPU.Build.0 = Debug|Any CPU
		{23C852D3-A7A1-41C6-BCEC-C5D0BABEE917}.Release|Any CPU.ActiveCfg = Release|Any CPU
		{23C852D3-A7A1-41C6-BCEC-C5D0BABEE917}.Release|Any CPU.Build.0 = Release|Any CPU
		{AF9926DB-249A-48DD-AC39-D170B67F48CA}.Debug|Any CPU.ActiveCfg = Debug|Any CPU
		{AF9926DB-249A-48DD-AC39-D170B67F48CA}.Debug|Any CPU.Build.0 = Debug|Any CPU
		{AF9926DB-249A-48DD-AC39-D170B67F48CA}.Release|Any CPU.ActiveCfg = Release|Any CPU
		{AF9926DB-249A-48DD-AC39-D170B67F48CA}.Release|Any CPU.Build.0 = Release|Any CPU
		{6C51C057-5A0F-402C-8A8C-709E5863E680}.Debug|Any CPU.ActiveCfg = Debug|Any CPU
		{6C51C057-5A0F-402C-8A8C-709E5863E680}.Debug|Any CPU.Build.0 = Debug|Any CPU
		{6C51C057-5A0F-402C-8A8C-709E5863E680}.Release|Any CPU.ActiveCfg = Release|Any CPU
		{6C51C057-5A0F-402C-8A8C-709E5863E680}.Release|Any CPU.Build.0 = Release|Any CPU
		{CCAF48C2-03C8-4DA7-AD22-F2A641288F73}.Debug|Any CPU.ActiveCfg = Debug|Any CPU
		{CCAF48C2-03C8-4DA7-AD22-F2A641288F73}.Debug|Any CPU.Build.0 = Debug|Any CPU
		{CCAF48C2-03C8-4DA7-AD22-F2A641288F73}.Release|Any CPU.ActiveCfg = Release|Any CPU
		{CCAF48C2-03C8-4DA7-AD22-F2A641288F73}.Release|Any CPU.Build.0 = Release|Any CPU
		{01510F30-6D11-44E7-ABDF-A48F72858357}.Debug|Any CPU.ActiveCfg = Debug|Any CPU
		{01510F30-6D11-44E7-ABDF-A48F72858357}.Debug|Any CPU.Build.0 = Debug|Any CPU
		{01510F30-6D11-44E7-ABDF-A48F72858357}.Release|Any CPU.ActiveCfg = Release|Any CPU
		{01510F30-6D11-44E7-ABDF-A48F72858357}.Release|Any CPU.Build.0 = Release|Any CPU
		{EC729274-1661-412B-8D8B-07225E503EB1}.Debug|Any CPU.ActiveCfg = Debug|Any CPU
		{EC729274-1661-412B-8D8B-07225E503EB1}.Debug|Any CPU.Build.0 = Debug|Any CPU
		{EC729274-1661-412B-8D8B-07225E503EB1}.Release|Any CPU.ActiveCfg = Release|Any CPU
		{EC729274-1661-412B-8D8B-07225E503EB1}.Release|Any CPU.Build.0 = Release|Any CPU
		{A018F81D-8C92-4D36-BBCA-171CE40518B4}.Debug|Any CPU.ActiveCfg = Debug|Any CPU
		{A018F81D-8C92-4D36-BBCA-171CE40518B4}.Debug|Any CPU.Build.0 = Debug|Any CPU
		{A018F81D-8C92-4D36-BBCA-171CE40518B4}.Release|Any CPU.ActiveCfg = Release|Any CPU
		{A018F81D-8C92-4D36-BBCA-171CE40518B4}.Release|Any CPU.Build.0 = Release|Any CPU
		{9D9C0BE6-4DC1-42B8-A6F5-0A9E67C0DC43}.Debug|Any CPU.ActiveCfg = Debug|Any CPU
		{9D9C0BE6-4DC1-42B8-A6F5-0A9E67C0DC43}.Debug|Any CPU.Build.0 = Debug|Any CPU
		{9D9C0BE6-4DC1-42B8-A6F5-0A9E67C0DC43}.Release|Any CPU.ActiveCfg = Release|Any CPU
		{9D9C0BE6-4DC1-42B8-A6F5-0A9E67C0DC43}.Release|Any CPU.Build.0 = Release|Any CPU
		{4F5BCA5C-D64A-44D1-A264-C14033B732A2}.Debug|Any CPU.ActiveCfg = Debug|Any CPU
		{4F5BCA5C-D64A-44D1-A264-C14033B732A2}.Debug|Any CPU.Build.0 = Debug|Any CPU
		{4F5BCA5C-D64A-44D1-A264-C14033B732A2}.Release|Any CPU.ActiveCfg = Release|Any CPU
		{4F5BCA5C-D64A-44D1-A264-C14033B732A2}.Release|Any CPU.Build.0 = Release|Any CPU
		{139B8E02-4719-45EB-B0A4-E4E272650680}.Debug|Any CPU.ActiveCfg = Debug|Any CPU
		{139B8E02-4719-45EB-B0A4-E4E272650680}.Debug|Any CPU.Build.0 = Debug|Any CPU
		{139B8E02-4719-45EB-B0A4-E4E272650680}.Release|Any CPU.ActiveCfg = Release|Any CPU
		{139B8E02-4719-45EB-B0A4-E4E272650680}.Release|Any CPU.Build.0 = Release|Any CPU
		{458DD7EA-BFBC-4EE3-9C00-E737CE47D59A}.Debug|Any CPU.ActiveCfg = Debug|Any CPU
		{458DD7EA-BFBC-4EE3-9C00-E737CE47D59A}.Debug|Any CPU.Build.0 = Debug|Any CPU
		{458DD7EA-BFBC-4EE3-9C00-E737CE47D59A}.Release|Any CPU.ActiveCfg = Release|Any CPU
		{458DD7EA-BFBC-4EE3-9C00-E737CE47D59A}.Release|Any CPU.Build.0 = Release|Any CPU
		{7C9F4944-09FD-49DF-A98A-15380E3F8E0F}.Debug|Any CPU.ActiveCfg = Debug|Any CPU
		{7C9F4944-09FD-49DF-A98A-15380E3F8E0F}.Debug|Any CPU.Build.0 = Debug|Any CPU
		{7C9F4944-09FD-49DF-A98A-15380E3F8E0F}.Release|Any CPU.ActiveCfg = Release|Any CPU
		{7C9F4944-09FD-49DF-A98A-15380E3F8E0F}.Release|Any CPU.Build.0 = Release|Any CPU
	EndGlobalSection
	GlobalSection(SolutionProperties) = preSolution
		HideSolutionNode = FALSE
	EndGlobalSection
	GlobalSection(NestedProjects) = preSolution
		{1364E97C-FBA5-43F3-8076-E5D291924B2D} = {5318B18B-0E2D-4C0F-929D-FC0286FFCE05}
		{23C852D3-A7A1-41C6-BCEC-C5D0BABEE917} = {1364E97C-FBA5-43F3-8076-E5D291924B2D}
		{D1376062-AE35-4BAC-AE9C-FA2590897324} = {5318B18B-0E2D-4C0F-929D-FC0286FFCE05}
		{6C51C057-5A0F-402C-8A8C-709E5863E680} = {D1376062-AE35-4BAC-AE9C-FA2590897324}
		{1E33D345-877D-495F-B1C0-762D5DA25965} = {5318B18B-0E2D-4C0F-929D-FC0286FFCE05}
		{CCAF48C2-03C8-4DA7-AD22-F2A641288F73} = {1E33D345-877D-495F-B1C0-762D5DA25965}
		{01510F30-6D11-44E7-ABDF-A48F72858357} = {1E33D345-877D-495F-B1C0-762D5DA25965}
		{74D31C21-85BE-45AA-8792-9E4C3E2545FD} = {5318B18B-0E2D-4C0F-929D-FC0286FFCE05}
		{EC729274-1661-412B-8D8B-07225E503EB1} = {74D31C21-85BE-45AA-8792-9E4C3E2545FD}
		{A018F81D-8C92-4D36-BBCA-171CE40518B4} = {74D31C21-85BE-45AA-8792-9E4C3E2545FD}
		{9D9C0BE6-4DC1-42B8-A6F5-0A9E67C0DC43} = {74D31C21-85BE-45AA-8792-9E4C3E2545FD}
		{4F5BCA5C-D64A-44D1-A264-C14033B732A2} = {74D31C21-85BE-45AA-8792-9E4C3E2545FD}
		{139B8E02-4719-45EB-B0A4-E4E272650680} = {85A87F6E-BF96-44C1-B2A0-DE9D1D37B5B5}
		{458DD7EA-BFBC-4EE3-9C00-E737CE47D59A} = {7247C31B-4C39-42F6-90B3-424CF16E9939}
		{7C9F4944-09FD-49DF-A98A-15380E3F8E0F} = {7247C31B-4C39-42F6-90B3-424CF16E9939}
	EndGlobalSection
	GlobalSection(ExtensibilityGlobals) = postSolution
		SolutionGuid = {2ED2A069-126E-4E30-ABCB-5000D406E081}
	EndGlobalSection
EndGlobal
